# THIS IS AN AUTOGENERATED FILE. DO NOT EDIT THIS FILE DIRECTLY.
# yarn lockfile v1


esm@^3.2.25:
  version "3.2.25"
  resolved "https://registry.yarnpkg.com/esm/-/esm-3.2.25.tgz#342c18c29d56157688ba5ce31f8431fbb795cc10"
  integrity sha512-U1suiZ2oDVWv4zPO56S0NcR5QriEahGtdN2OR6FiOG4WJvcjBVFB0qI4+eKoWFH483PKGuLuu6V8Z4T5g63UVA==

yaml@^2.0.0-5:
  version "2.0.0-5"
  resolved "https://registry.yarnpkg.com/yaml/-/yaml-2.0.0-5.tgz#00906046dc119427b2b4f7cf9041d34682d1480b"
  integrity sha512-qH5L5eqW8cyv/N1U6rkK/O0M7kOK3BSo48d05Ptm03ITNsVFwg6TQ47wR72Db/ULWH5RfNJv+CqnG17Pyn8eqQ==
