# THIS IS AN AUTOGENERATED FILE. DO NOT EDIT THIS FILE DIRECTLY.
# yarn lockfile v1


yaml@^2.0.0-5:
  version "2.0.0-5"
  resolved "https://registry.yarnpkg.com/yaml/-/yaml-2.0.0-5.tgz#00906046dc119427b2b4f7cf9041d34682d1480b"
  integrity sha512-qH5L5eqW8cyv/N1U6rkK/O0M7kOK3BSo48d05Ptm03ITNsVFwg6TQ47wR72Db/ULWH5RfNJv+CqnG17Pyn8eqQ==
